
Microsoft Visual Studio Solution File, Format Version 12.00
# Visual Studio Version 17
VisualStudioVersion = 17.4.33110.190
MinimumVisualStudioVersion = 10.0.40219.1
Project("{FAE04EC0-301F-11D3-BF4B-00C04F79EFBC}") = "Crawler", "Crawler\Crawler.csproj", "{9AD01010-A97F-4975-8DD5-9B3A85BCBCBA}"
EndProject
Global
	GlobalSection(SolutionConfigurationPlatforms) = preSolution
		Debug|Any CPU = Debug|Any CPU
		Release|Any CPU = Release|Any CPU
	EndGlobalSection
	GlobalSection(ProjectConfigurationPlatforms) = postSolution
		{9AD01010-A97F-4975-8DD5-9B3A85BCBCBA}.Debug|Any CPU.ActiveCfg = Debug|Any CPU
		{9AD01010-A97F-4975-8DD5-9B3A85BCBCBA}.Debug|Any CPU.Build.0 = Debug|Any CPU
		{9AD01010-A97F-4975-8DD5-9B3A85BCBCBA}.Release|Any CPU.ActiveCfg = Release|Any CPU
		{9AD01010-A97F-4975-8DD5-9B3A85BCBCBA}.Release|Any CPU.Build.0 = Release|Any CPU
	EndGlobalSection
	GlobalSection(SolutionProperties) = preSolution
		HideSolutionNode = FALSE
	EndGlobalSection
	GlobalSection(ExtensibilityGlobals) = postSolution
		SolutionGuid = {8DB247CD-FF18-4A31-BC32-C2508A810A26}
	EndGlobalSection
EndGlobal
